
Microsoft Visual Studio Solution File, Format Version 12.00
# Visual Studio Version 17
VisualStudioVersion = 17.1.32319.34
MinimumVisualStudioVersion = 10.0.40219.1
Project("{FAE04EC0-301F-11D3-BF4B-00C04F79EFBC}") = "PrimaProva", "PrimaProva\PrimaProva.csproj", "{FBFE03A4-9269-4CF8-8F9C-236CB9BD3A2B}"
EndProject
Global
	GlobalSection(SolutionConfigurationPlatforms) = preSolution
		Debug|Any CPU = Debug|Any CPU
		Release|Any CPU = Release|Any CPU
	EndGlobalSection
	GlobalSection(ProjectConfigurationPlatforms) = postSolution
		{FBFE03A4-9269-4CF8-8F9C-236CB9BD3A2B}.Debug|Any CPU.ActiveCfg = Debug|Any CPU
		{FBFE03A4-9269-4CF8-8F9C-236CB9BD3A2B}.Debug|Any CPU.Build.0 = Debug|Any CPU
		{FBFE03A4-9269-4CF8-8F9C-236CB9BD3A2B}.Release|Any CPU.ActiveCfg = Release|Any CPU
		{FBFE03A4-9269-4CF8-8F9C-236CB9BD3A2B}.Release|Any CPU.Build.0 = Release|Any CPU
	EndGlobalSection
	GlobalSection(SolutionProperties) = preSolution
		HideSolutionNode = FALSE
	EndGlobalSection
	GlobalSection(ExtensibilityGlobals) = postSolution
		SolutionGuid = {8D009172-4459-44B7-8074-78D9411F990A}
	EndGlobalSection
EndGlobal
